
Microsoft Visual Studio Solution File, Format Version 12.00
# Visual Studio 15
VisualStudioVersion = 15.0.28307.1022
MinimumVisualStudioVersion = 10.0.40219.1
Project("{F184B08F-C81C-45F6-A57F-5ABD9991F28F}") = "DelosReyes55SevenSegment", "DelosReyes55SevenSegment\DelosReyes55SevenSegment.vbproj", "{096F1714-0690-4AFA-8DEC-3EE66280B91A}"
EndProject
Global
	GlobalSection(SolutionConfigurationPlatforms) = preSolution
		Debug|Any CPU = Debug|Any CPU
		Release|Any CPU = Release|Any CPU
	EndGlobalSection
	GlobalSection(ProjectConfigurationPlatforms) = postSolution
		{096F1714-0690-4AFA-8DEC-3EE66280B91A}.Debug|Any CPU.ActiveCfg = Debug|Any CPU
		{096F1714-0690-4AFA-8DEC-3EE66280B91A}.Debug|Any CPU.Build.0 = Debug|Any CPU
		{096F1714-0690-4AFA-8DEC-3EE66280B91A}.Release|Any CPU.ActiveCfg = Release|Any CPU
		{096F1714-0690-4AFA-8DEC-3EE66280B91A}.Release|Any CPU.Build.0 = Release|Any CPU
	EndGlobalSection
	GlobalSection(SolutionProperties) = preSolution
		HideSolutionNode = FALSE
	EndGlobalSection
	GlobalSection(ExtensibilityGlobals) = postSolution
		SolutionGuid = {274493D6-2E16-4321-B786-20A6ECF1A7E5}
	EndGlobalSection
EndGlobal
